// !$*UTF8*$!
{
	archiveVersion = 1;
	classes = {
	};
	objectVersion = 51;
	objects = {

/* Begin PBXBuildFile section */
		09D8F16A591B27CBF2DF2C8F /* Pods_ParstagramTests.framework in Frameworks */ = {isa = PBXBuildFile; fileRef = 97CEB64271C1176CC3EE981B /* Pods_ParstagramTests.framework */; };
		59C0113C9C53980F6BF0B0A6 /* Pods_Parstagram.framework in Frameworks */ = {isa = PBXBuildFile; fileRef = 9CEE6068763375F76F465D55 /* Pods_Parstagram.framework */; };
		715F12C3ADC3670E1205F376 /* Pods_Parstagram_ParstagramUITests.framework in Frameworks */ = {isa = PBXBuildFile; fileRef = D945C35B70AF1CA55ECDA2DA /* Pods_Parstagram_ParstagramUITests.framework */; };
		CA834ECA246A6CFB00A02ADD /* LoginViewController.swift in Sources */ = {isa = PBXBuildFile; fileRef = CA834EC9246A6CFB00A02ADD /* LoginViewController.swift */; };
		CA834ECC246A6D2900A02ADD /* FeedViewController.swift in Sources */ = {isa = PBXBuildFile; fileRef = CA834ECB246A6D2900A02ADD /* FeedViewController.swift */; };
		CADF8ADD246A529E00DA8874 /* AppDelegate.swift in Sources */ = {isa = PBXBuildFile; fileRef = CADF8ADC246A529E00DA8874 /* AppDelegate.swift */; };
		CADF8ADF246A529E00DA8874 /* SceneDelegate.swift in Sources */ = {isa = PBXBuildFile; fileRef = CADF8ADE246A529E00DA8874 /* SceneDelegate.swift */; };
		CADF8AE4246A529E00DA8874 /* Main.storyboard in Resources */ = {isa = PBXBuildFile; fileRef = CADF8AE2246A529E00DA8874 /* Main.storyboard */; };
		CADF8AE6246A52A200DA8874 /* Assets.xcassets in Resources */ = {isa = PBXBuildFile; fileRef = CADF8AE5246A52A200DA8874 /* Assets.xcassets */; };
		CADF8AE9246A52A200DA8874 /* LaunchScreen.storyboard in Resources */ = {isa = PBXBuildFile; fileRef = CADF8AE7246A52A200DA8874 /* LaunchScreen.storyboard */; };
		CADF8AF4246A52A300DA8874 /* ParstagramTests.swift in Sources */ = {isa = PBXBuildFile; fileRef = CADF8AF3246A52A300DA8874 /* ParstagramTests.swift */; };
		CADF8AFF246A52A300DA8874 /* ParstagramUITests.swift in Sources */ = {isa = PBXBuildFile; fileRef = CADF8AFE246A52A300DA8874 /* ParstagramUITests.swift */; };
/* End PBXBuildFile section */

/* Begin PBXContainerItemProxy section */
		CADF8AF0246A52A300DA8874 /* PBXContainerItemProxy */ = {
			isa = PBXContainerItemProxy;
			containerPortal = CADF8AD1246A529E00DA8874 /* Project object */;
			proxyType = 1;
			remoteGlobalIDString = CADF8AD8246A529E00DA8874;
			remoteInfo = Parstagram;
		};
		CADF8AFB246A52A300DA8874 /* PBXContainerItemProxy */ = {
			isa = PBXContainerItemProxy;
			containerPortal = CADF8AD1246A529E00DA8874 /* Project object */;
			proxyType = 1;
			remoteGlobalIDString = CADF8AD8246A529E00DA8874;
			remoteInfo = Parstagram;
		};
/* End PBXContainerItemProxy section */

/* Begin PBXFileReference section */
		08F300B42F6933AED6F40ABD /* Pods-ParstagramTests.debug.xcconfig */ = {isa = PBXFileReference; includeInIndex = 1; lastKnownFileType = text.xcconfig; name = "Pods-ParstagramTests.debug.xcconfig"; path = "Target Support Files/Pods-ParstagramTests/Pods-ParstagramTests.debug.xcconfig"; sourceTree = "<group>"; };
		1E676AB412B765B5AE3B8EC0 /* Pods-ParstagramTests.release.xcconfig */ = {isa = PBXFileReference; includeInIndex = 1; lastKnownFileType = text.xcconfig; name = "Pods-ParstagramTests.release.xcconfig"; path = "Target Support Files/Pods-ParstagramTests/Pods-ParstagramTests.release.xcconfig"; sourceTree = "<group>"; };
		2D7823D230F85A3C69FFC5E2 /* Pods-Parstagram.debug.xcconfig */ = {isa = PBXFileReference; includeInIndex = 1; lastKnownFileType = text.xcconfig; name = "Pods-Parstagram.debug.xcconfig"; path = "Target Support Files/Pods-Parstagram/Pods-Parstagram.debug.xcconfig"; sourceTree = "<group>"; };
		679651CF521DC50F42CB8005 /* Pods-Parstagram-ParstagramUITests.release.xcconfig */ = {isa = PBXFileReference; includeInIndex = 1; lastKnownFileType = text.xcconfig; name = "Pods-Parstagram-ParstagramUITests.release.xcconfig"; path = "Target Support Files/Pods-Parstagram-ParstagramUITests/Pods-Parstagram-ParstagramUITests.release.xcconfig"; sourceTree = "<group>"; };
		97CEB64271C1176CC3EE981B /* Pods_ParstagramTests.framework */ = {isa = PBXFileReference; explicitFileType = wrapper.framework; includeInIndex = 0; path = Pods_ParstagramTests.framework; sourceTree = BUILT_PRODUCTS_DIR; };
		9CEE6068763375F76F465D55 /* Pods_Parstagram.framework */ = {isa = PBXFileReference; explicitFileType = wrapper.framework; includeInIndex = 0; path = Pods_Parstagram.framework; sourceTree = BUILT_PRODUCTS_DIR; };
		BA4D420EB094EBF26CF20BB7 /* Pods-Parstagram-ParstagramUITests.debug.xcconfig */ = {isa = PBXFileReference; includeInIndex = 1; lastKnownFileType = text.xcconfig; name = "Pods-Parstagram-ParstagramUITests.debug.xcconfig"; path = "Target Support Files/Pods-Parstagram-ParstagramUITests/Pods-Parstagram-ParstagramUITests.debug.xcconfig"; sourceTree = "<group>"; };
		CA834EC9246A6CFB00A02ADD /* LoginViewController.swift */ = {isa = PBXFileReference; lastKnownFileType = sourcecode.swift; path = LoginViewController.swift; sourceTree = "<group>"; };
		CA834ECB246A6D2900A02ADD /* FeedViewController.swift */ = {isa = PBXFileReference; lastKnownFileType = sourcecode.swift; path = FeedViewController.swift; sourceTree = "<group>"; };
		CADF8AD9246A529E00DA8874 /* Parstagram.app */ = {isa = PBXFileReference; explicitFileType = wrapper.application; includeInIndex = 0; path = Parstagram.app; sourceTree = BUILT_PRODUCTS_DIR; };
		CADF8ADC246A529E00DA8874 /* AppDelegate.swift */ = {isa = PBXFileReference; lastKnownFileType = sourcecode.swift; path = AppDelegate.swift; sourceTree = "<group>"; };
		CADF8ADE246A529E00DA8874 /* SceneDelegate.swift */ = {isa = PBXFileReference; lastKnownFileType = sourcecode.swift; path = SceneDelegate.swift; sourceTree = "<group>"; };
		CADF8AE3246A529E00DA8874 /* Base */ = {isa = PBXFileReference; lastKnownFileType = file.storyboard; name = Base; path = Base.lproj/Main.storyboard; sourceTree = "<group>"; };
		CADF8AE5246A52A200DA8874 /* Assets.xcassets */ = {isa = PBXFileReference; lastKnownFileType = folder.assetcatalog; path = Assets.xcassets; sourceTree = "<group>"; };
		CADF8AE8246A52A200DA8874 /* Base */ = {isa = PBXFileReference; lastKnownFileType = file.storyboard; name = Base; path = Base.lproj/LaunchScreen.storyboard; sourceTree = "<group>"; };
		CADF8AEA246A52A200DA8874 /* Info.plist */ = {isa = PBXFileReference; lastKnownFileType = text.plist.xml; path = Info.plist; sourceTree = "<group>"; };
		CADF8AEF246A52A300DA8874 /* ParstagramTests.xctest */ = {isa = PBXFileReference; explicitFileType = wrapper.cfbundle; includeInIndex = 0; path = ParstagramTests.xctest; sourceTree = BUILT_PRODUCTS_DIR; };
		CADF8AF3246A52A300DA8874 /* ParstagramTests.swift */ = {isa = PBXFileReference; lastKnownFileType = sourcecode.swift; path = ParstagramTests.swift; sourceTree = "<group>"; };
		CADF8AF5246A52A300DA8874 /* Info.plist */ = {isa = PBXFileReference; lastKnownFileType = text.plist.xml; path = Info.plist; sourceTree = "<group>"; };
		CADF8AFA246A52A300DA8874 /* ParstagramUITests.xctest */ = {isa = PBXFileReference; explicitFileType = wrapper.cfbundle; includeInIndex = 0; path = ParstagramUITests.xctest; sourceTree = BUILT_PRODUCTS_DIR; };
		CADF8AFE246A52A300DA8874 /* ParstagramUITests.swift */ = {isa = PBXFileReference; lastKnownFileType = sourcecode.swift; path = ParstagramUITests.swift; sourceTree = "<group>"; };
		CADF8B00246A52A300DA8874 /* Info.plist */ = {isa = PBXFileReference; lastKnownFileType = text.plist.xml; path = Info.plist; sourceTree = "<group>"; };
		D945C35B70AF1CA55ECDA2DA /* Pods_Parstagram_ParstagramUITests.framework */ = {isa = PBXFileReference; explicitFileType = wrapper.framework; includeInIndex = 0; path = Pods_Parstagram_ParstagramUITests.framework; sourceTree = BUILT_PRODUCTS_DIR; };
		F5094F4387117D25D4B0DCB4 /* Pods-Parstagram.release.xcconfig */ = {isa = PBXFileReference; includeInIndex = 1; lastKnownFileType = text.xcconfig; name = "Pods-Parstagram.release.xcconfig"; path = "Target Support Files/Pods-Parstagram/Pods-Parstagram.release.xcconfig"; sourceTree = "<group>"; };
/* End PBXFileReference section */

/* Begin PBXFrameworksBuildPhase section */
		CADF8AD6246A529E00DA8874 /* Frameworks */ = {
			isa = PBXFrameworksBuildPhase;
			buildActionMask = 2147483647;
			files = (
				59C0113C9C53980F6BF0B0A6 /* Pods_Parstagram.framework in Frameworks */,
			);
			runOnlyForDeploymentPostprocessing = 0;
		};
		CADF8AEC246A52A300DA8874 /* Frameworks */ = {
			isa = PBXFrameworksBuildPhase;
			buildActionMask = 2147483647;
			files = (
				09D8F16A591B27CBF2DF2C8F /* Pods_ParstagramTests.framework in Frameworks */,
			);
			runOnlyForDeploymentPostprocessing = 0;
		};
		CADF8AF7246A52A300DA8874 /* Frameworks */ = {
			isa = PBXFrameworksBuildPhase;
			buildActionMask = 2147483647;
			files = (
				715F12C3ADC3670E1205F376 /* Pods_Parstagram_ParstagramUITests.framework in Frameworks */,
			);
			runOnlyForDeploymentPostprocessing = 0;
		};
/* End PBXFrameworksBuildPhase section */

/* Begin PBXGroup section */
		BC5477B0ED79FA678D21F747 /* Frameworks */ = {
			isa = PBXGroup;
			children = (
				9CEE6068763375F76F465D55 /* Pods_Parstagram.framework */,
				D945C35B70AF1CA55ECDA2DA /* Pods_Parstagram_ParstagramUITests.framework */,
				97CEB64271C1176CC3EE981B /* Pods_ParstagramTests.framework */,
			);
			name = Frameworks;
			sourceTree = "<group>";
		};
		CADF8AD0246A529E00DA8874 = {
			isa = PBXGroup;
			children = (
				CADF8ADB246A529E00DA8874 /* Parstagram */,
				CADF8AF2246A52A300DA8874 /* ParstagramTests */,
				CADF8AFD246A52A300DA8874 /* ParstagramUITests */,
				CADF8ADA246A529E00DA8874 /* Products */,
				E63FC3A8C664B734C1A7EEB9 /* Pods */,
				BC5477B0ED79FA678D21F747 /* Frameworks */,
			);
			sourceTree = "<group>";
		};
		CADF8ADA246A529E00DA8874 /* Products */ = {
			isa = PBXGroup;
			children = (
				CADF8AD9246A529E00DA8874 /* Parstagram.app */,
				CADF8AEF246A52A300DA8874 /* ParstagramTests.xctest */,
				CADF8AFA246A52A300DA8874 /* ParstagramUITests.xctest */,
			);
			name = Products;
			sourceTree = "<group>";
		};
		CADF8ADB246A529E00DA8874 /* Parstagram */ = {
			isa = PBXGroup;
			children = (
				CADF8ADC246A529E00DA8874 /* AppDelegate.swift */,
				CADF8ADE246A529E00DA8874 /* SceneDelegate.swift */,
				CADF8AE2246A529E00DA8874 /* Main.storyboard */,
				CADF8AE5246A52A200DA8874 /* Assets.xcassets */,
				CADF8AE7246A52A200DA8874 /* LaunchScreen.storyboard */,
				CADF8AEA246A52A200DA8874 /* Info.plist */,
				CA834EC9246A6CFB00A02ADD /* LoginViewController.swift */,
				CA834ECB246A6D2900A02ADD /* FeedViewController.swift */,
			);
			path = Parstagram;
			sourceTree = "<group>";
		};
		CADF8AF2246A52A300DA8874 /* ParstagramTests */ = {
			isa = PBXGroup;
			children = (
				CADF8AF3246A52A300DA8874 /* ParstagramTests.swift */,
				CADF8AF5246A52A300DA8874 /* Info.plist */,
			);
			path = ParstagramTests;
			sourceTree = "<group>";
		};
		CADF8AFD246A52A300DA8874 /* ParstagramUITests */ = {
			isa = PBXGroup;
			children = (
				CADF8AFE246A52A300DA8874 /* ParstagramUITests.swift */,
				CADF8B00246A52A300DA8874 /* Info.plist */,
			);
			path = ParstagramUITests;
			sourceTree = "<group>";
		};
		E63FC3A8C664B734C1A7EEB9 /* Pods */ = {
			isa = PBXGroup;
			children = (
				2D7823D230F85A3C69FFC5E2 /* Pods-Parstagram.debug.xcconfig */,
				F5094F4387117D25D4B0DCB4 /* Pods-Parstagram.release.xcconfig */,
				BA4D420EB094EBF26CF20BB7 /* Pods-Parstagram-ParstagramUITests.debug.xcconfig */,
				679651CF521DC50F42CB8005 /* Pods-Parstagram-ParstagramUITests.release.xcconfig */,
				08F300B42F6933AED6F40ABD /* Pods-ParstagramTests.debug.xcconfig */,
				1E676AB412B765B5AE3B8EC0 /* Pods-ParstagramTests.release.xcconfig */,
			);
			path = Pods;
			sourceTree = "<group>";
		};
/* End PBXGroup section */

/* Begin PBXNativeTarget section */
		CADF8AD8246A529E00DA8874 /* Parstagram */ = {
			isa = PBXNativeTarget;
			buildConfigurationList = CADF8B03246A52A300DA8874 /* Build configuration list for PBXNativeTarget "Parstagram" */;
			buildPhases = (
				99DE1839EA37C3AC895B4DE1 /* [CP] Check Pods Manifest.lock */,
				CADF8AD5246A529E00DA8874 /* Sources */,
				CADF8AD6246A529E00DA8874 /* Frameworks */,
				CADF8AD7246A529E00DA8874 /* Resources */,
				2674A54906E93F8D68E293B7 /* [CP] Embed Pods Frameworks */,
			);
			buildRules = (
			);
			dependencies = (
			);
			name = Parstagram;
			productName = Parstagram;
			productReference = CADF8AD9246A529E00DA8874 /* Parstagram.app */;
			productType = "com.apple.product-type.application";
		};
		CADF8AEE246A52A300DA8874 /* ParstagramTests */ = {
			isa = PBXNativeTarget;
			buildConfigurationList = CADF8B06246A52A300DA8874 /* Build configuration list for PBXNativeTarget "ParstagramTests" */;
			buildPhases = (
				B5B864B7C467C4BB0F40070D /* [CP] Check Pods Manifest.lock */,
				CADF8AEB246A52A300DA8874 /* Sources */,
				CADF8AEC246A52A300DA8874 /* Frameworks */,
				CADF8AED246A52A300DA8874 /* Resources */,
			);
			buildRules = (
			);
			dependencies = (
				CADF8AF1246A52A300DA8874 /* PBXTargetDependency */,
			);
			name = ParstagramTests;
			productName = ParstagramTests;
			productReference = CADF8AEF246A52A300DA8874 /* ParstagramTests.xctest */;
			productType = "com.apple.product-type.bundle.unit-test";
		};
		CADF8AF9246A52A300DA8874 /* ParstagramUITests */ = {
			isa = PBXNativeTarget;
			buildConfigurationList = CADF8B09246A52A300DA8874 /* Build configuration list for PBXNativeTarget "ParstagramUITests" */;
			buildPhases = (
				BBE89C20B92745560A019F3D /* [CP] Check Pods Manifest.lock */,
				CADF8AF6246A52A300DA8874 /* Sources */,
				CADF8AF7246A52A300DA8874 /* Frameworks */,
				CADF8AF8246A52A300DA8874 /* Resources */,
				72F16171940669BFFC9AD677 /* [CP] Embed Pods Frameworks */,
			);
			buildRules = (
			);
			dependencies = (
				CADF8AFC246A52A300DA8874 /* PBXTargetDependency */,
			);
			name = ParstagramUITests;
			productName = ParstagramUITests;
			productReference = CADF8AFA246A52A300DA8874 /* ParstagramUITests.xctest */;
			productType = "com.apple.product-type.bundle.ui-testing";
		};
/* End PBXNativeTarget section */

/* Begin PBXProject section */
		CADF8AD1246A529E00DA8874 /* Project object */ = {
			isa = PBXProject;
			attributes = {
				LastSwiftUpdateCheck = 1140;
				LastUpgradeCheck = 1140;
				ORGANIZATIONNAME = ivygdy;
				TargetAttributes = {
					CADF8AD8246A529E00DA8874 = {
						CreatedOnToolsVersion = 11.4.1;
					};
					CADF8AEE246A52A300DA8874 = {
						CreatedOnToolsVersion = 11.4.1;
						TestTargetID = CADF8AD8246A529E00DA8874;
					};
					CADF8AF9246A52A300DA8874 = {
						CreatedOnToolsVersion = 11.4.1;
						TestTargetID = CADF8AD8246A529E00DA8874;
					};
				};
			};
			buildConfigurationList = CADF8AD4246A529E00DA8874 /* Build configuration list for PBXProject "Parstagram" */;
			compatibilityVersion = "Xcode 9.3";
			developmentRegion = en;
			hasScannedForEncodings = 0;
			knownRegions = (
				en,
				Base,
			);
			mainGroup = CADF8AD0246A529E00DA8874;
			productRefGroup = CADF8ADA246A529E00DA8874 /* Products */;
			projectDirPath = "";
			projectRoot = "";
			targets = (
				CADF8AD8246A529E00DA8874 /* Parstagram */,
				CADF8AEE246A52A300DA8874 /* ParstagramTests */,
				CADF8AF9246A52A300DA8874 /* ParstagramUITests */,
			);
		};
/* End PBXProject section */

/* Begin PBXResourcesBuildPhase section */
		CADF8AD7246A529E00DA8874 /* Resources */ = {
			isa = PBXResourcesBuildPhase;
			buildActionMask = 2147483647;
			files = (
				CADF8AE9246A52A200DA8874 /* LaunchScreen.storyboard in Resources */,
				CADF8AE6246A52A200DA8874 /* Assets.xcassets in Resources */,
				CADF8AE4246A529E00DA8874 /* Main.storyboard in Resources */,
			);
			runOnlyForDeploymentPostprocessing = 0;
		};
		CADF8AED246A52A300DA8874 /* Resources */ = {
			isa = PBXResourcesBuildPhase;
			buildActionMask = 2147483647;
			files = (
			);
			runOnlyForDeploymentPostprocessing = 0;
		};
		CADF8AF8246A52A300DA8874 /* Resources */ = {
			isa = PBXResourcesBuildPhase;
			buildActionMask = 2147483647;
			files = (
			);
			runOnlyForDeploymentPostprocessing = 0;
		};
/* End PBXResourcesBuildPhase section */

/* Begin PBXShellScriptBuildPhase section */
		2674A54906E93F8D68E293B7 /* [CP] Embed Pods Frameworks */ = {
			isa = PBXShellScriptBuildPhase;
			buildActionMask = 2147483647;
			files = (
			);
			inputFileListPaths = (
				"${PODS_ROOT}/Target Support Files/Pods-Parstagram/Pods-Parstagram-frameworks-${CONFIGURATION}-input-files.xcfilelist",
			);
			name = "[CP] Embed Pods Frameworks";
			outputFileListPaths = (
				"${PODS_ROOT}/Target Support Files/Pods-Parstagram/Pods-Parstagram-frameworks-${CONFIGURATION}-output-files.xcfilelist",
			);
			runOnlyForDeploymentPostprocessing = 0;
			shellPath = /bin/sh;
			shellScript = "\"${PODS_ROOT}/Target Support Files/Pods-Parstagram/Pods-Parstagram-frameworks.sh\"\n";
			showEnvVarsInLog = 0;
		};
		72F16171940669BFFC9AD677 /* [CP] Embed Pods Frameworks */ = {
			isa = PBXShellScriptBuildPhase;
			buildActionMask = 2147483647;
			files = (
			);
			inputFileListPaths = (
				"${PODS_ROOT}/Target Support Files/Pods-Parstagram-ParstagramUITests/Pods-Parstagram-ParstagramUITests-frameworks-${CONFIGURATION}-input-files.xcfilelist",
			);
			name = "[CP] Embed Pods Frameworks";
			outputFileListPaths = (
				"${PODS_ROOT}/Target Support Files/Pods-Parstagram-ParstagramUITests/Pods-Parstagram-ParstagramUITests-frameworks-${CONFIGURATION}-output-files.xcfilelist",
			);
			runOnlyForDeploymentPostprocessing = 0;
			shellPath = /bin/sh;
			shellScript = "\"${PODS_ROOT}/Target Support Files/Pods-Parstagram-ParstagramUITests/Pods-Parstagram-ParstagramUITests-frameworks.sh\"\n";
			showEnvVarsInLog = 0;
		};
		99DE1839EA37C3AC895B4DE1 /* [CP] Check Pods Manifest.lock */ = {
			isa = PBXShellScriptBuildPhase;
			buildActionMask = 2147483647;
			files = (
			);
			inputFileListPaths = (
			);
			inputPaths = (
				"${PODS_PODFILE_DIR_PATH}/Podfile.lock",
				"${PODS_ROOT}/Manifest.lock",
			);
			name = "[CP] Check Pods Manifest.lock";
			outputFileListPaths = (
			);
			outputPaths = (
				"$(DERIVED_FILE_DIR)/Pods-Parstagram-checkManifestLockResult.txt",
			);
			runOnlyForDeploymentPostprocessing = 0;
			shellPath = /bin/sh;
			shellScript = "diff \"${PODS_PODFILE_DIR_PATH}/Podfile.lock\" \"${PODS_ROOT}/Manifest.lock\" > /dev/null\nif [ $? != 0 ] ; then\n    # print error to STDERR\n    echo \"error: The sandbox is not in sync with the Podfile.lock. Run 'pod install' or update your CocoaPods installation.\" >&2\n    exit 1\nfi\n# This output is used by Xcode 'outputs' to avoid re-running this script phase.\necho \"SUCCESS\" > \"${SCRIPT_OUTPUT_FILE_0}\"\n";
			showEnvVarsInLog = 0;
		};
		B5B864B7C467C4BB0F40070D /* [CP] Check Pods Manifest.lock */ = {
			isa = PBXShellScriptBuildPhase;
			buildActionMask = 2147483647;
			files = (
			);
			inputFileListPaths = (
			);
			inputPaths = (
				"${PODS_PODFILE_DIR_PATH}/Podfile.lock",
				"${PODS_ROOT}/Manifest.lock",
			);
			name = "[CP] Check Pods Manifest.lock";
			outputFileListPaths = (
			);
			outputPaths = (
				"$(DERIVED_FILE_DIR)/Pods-ParstagramTests-checkManifestLockResult.txt",
			);
			runOnlyForDeploymentPostprocessing = 0;
			shellPath = /bin/sh;
			shellScript = "diff \"${PODS_PODFILE_DIR_PATH}/Podfile.lock\" \"${PODS_ROOT}/Manifest.lock\" > /dev/null\nif [ $? != 0 ] ; then\n    # print error to STDERR\n    echo \"error: The sandbox is not in sync with the Podfile.lock. Run 'pod install' or update your CocoaPods installation.\" >&2\n    exit 1\nfi\n# This output is used by Xcode 'outputs' to avoid re-running this script phase.\necho \"SUCCESS\" > \"${SCRIPT_OUTPUT_FILE_0}\"\n";
			showEnvVarsInLog = 0;
		};
		BBE89C20B92745560A019F3D /* [CP] Check Pods Manifest.lock */ = {
			isa = PBXShellScriptBuildPhase;
			buildActionMask = 2147483647;
			files = (
			);
			inputFileListPaths = (
			);
			inputPaths = (
				"${PODS_PODFILE_DIR_PATH}/Podfile.lock",
				"${PODS_ROOT}/Manifest.lock",
			);
			name = "[CP] Check Pods Manifest.lock";
			outputFileListPaths = (
			);
			outputPaths = (
				"$(DERIVED_FILE_DIR)/Pods-Parstagram-ParstagramUITests-checkManifestLockResult.txt",
			);
			runOnlyForDeploymentPostprocessing = 0;
			shellPath = /bin/sh;
			shellScript = "diff \"${PODS_PODFILE_DIR_PATH}/Podfile.lock\" \"${PODS_ROOT}/Manifest.lock\" > /dev/null\nif [ $? != 0 ] ; then\n    # print error to STDERR\n    echo \"error: The sandbox is not in sync with the Podfile.lock. Run 'pod install' or update your CocoaPods installation.\" >&2\n    exit 1\nfi\n# This output is used by Xcode 'outputs' to avoid re-running this script phase.\necho \"SUCCESS\" > \"${SCRIPT_OUTPUT_FILE_0}\"\n";
			showEnvVarsInLog = 0;
		};
/* End PBXShellScriptBuildPhase section */

/* Begin PBXSourcesBuildPhase section */
		CADF8AD5246A529E00DA8874 /* Sources */ = {
			isa = PBXSourcesBuildPhase;
			buildActionMask = 2147483647;
			files = (
				CA834ECA246A6CFB00A02ADD /* LoginViewController.swift in Sources */,
				CADF8ADD246A529E00DA8874 /* AppDelegate.swift in Sources */,
				CA834ECC246A6D2900A02ADD /* FeedViewController.swift in Sources */,
				CADF8ADF246A529E00DA8874 /* SceneDelegate.swift in Sources */,
			);
			runOnlyForDeploymentPostprocessing = 0;
		};
		CADF8AEB246A52A300DA8874 /* Sources */ = {
			isa = PBXSourcesBuildPhase;
			buildActionMask = 2147483647;
			files = (
				CADF8AF4246A52A300DA8874 /* ParstagramTests.swift in Sources */,
			);
			runOnlyForDeploymentPostprocessing = 0;
		};
		CADF8AF6246A52A300DA8874 /* Sources */ = {
			isa = PBXSourcesBuildPhase;
			buildActionMask = 2147483647;
			files = (
				CADF8AFF246A52A300DA8874 /* ParstagramUITests.swift in Sources */,
			);
			runOnlyForDeploymentPostprocessing = 0;
		};
/* End PBXSourcesBuildPhase section */

/* Begin PBXTargetDependency section */
		CADF8AF1246A52A300DA8874 /* PBXTargetDependency */ = {
			isa = PBXTargetDependency;
			target = CADF8AD8246A529E00DA8874 /* Parstagram */;
			targetProxy = CADF8AF0246A52A300DA8874 /* PBXContainerItemProxy */;
		};
		CADF8AFC246A52A300DA8874 /* PBXTargetDependency */ = {
			isa = PBXTargetDependency;
			target = CADF8AD8246A529E00DA8874 /* Parstagram */;
			targetProxy = CADF8AFB246A52A300DA8874 /* PBXContainerItemProxy */;
		};
/* End PBXTargetDependency section */

/* Begin PBXVariantGroup section */
		CADF8AE2246A529E00DA8874 /* Main.storyboard */ = {
			isa = PBXVariantGroup;
			children = (
				CADF8AE3246A529E00DA8874 /* Base */,
			);
			name = Main.storyboard;
			sourceTree = "<group>";
		};
		CADF8AE7246A52A200DA8874 /* LaunchScreen.storyboard */ = {
			isa = PBXVariantGroup;
			children = (
				CADF8AE8246A52A200DA8874 /* Base */,
			);
			name = LaunchScreen.storyboard;
			sourceTree = "<group>";
		};
/* End PBXVariantGroup section */

/* Begin XCBuildConfiguration section */
		CADF8B01246A52A300DA8874 /* Debug */ = {
			isa = XCBuildConfiguration;
			buildSettings = {
				ALWAYS_SEARCH_USER_PATHS = NO;
				CLANG_ANALYZER_NONNULL = YES;
				CLANG_ANALYZER_NUMBER_OBJECT_CONVERSION = YES_AGGRESSIVE;
				CLANG_CXX_LANGUAGE_STANDARD = "gnu++14";
				CLANG_CXX_LIBRARY = "libc++";
				CLANG_ENABLE_MODULES = YES;
				CLANG_ENABLE_OBJC_ARC = YES;
				CLANG_ENABLE_OBJC_WEAK = YES;
				CLANG_WARN_BLOCK_CAPTURE_AUTORELEASING = YES;
				CLANG_WARN_BOOL_CONVERSION = YES;
				CLANG_WARN_COMMA = YES;
				CLANG_WARN_CONSTANT_CONVERSION = YES;
				CLANG_WARN_DEPRECATED_OBJC_IMPLEMENTATIONS = YES;
				CLANG_WARN_DIRECT_OBJC_ISA_USAGE = YES_ERROR;
				CLANG_WARN_DOCUMENTATION_COMMENTS = YES;
				CLANG_WARN_EMPTY_BODY = YES;
				CLANG_WARN_ENUM_CONVERSION = YES;
				CLANG_WARN_INFINITE_RECURSION = YES;
				CLANG_WARN_INT_CONVERSION = YES;
				CLANG_WARN_NON_LITERAL_NULL_CONVERSION = YES;
				CLANG_WARN_OBJC_IMPLICIT_RETAIN_SELF = YES;
				CLANG_WARN_OBJC_LITERAL_CONVERSION = YES;
				CLANG_WARN_OBJC_ROOT_CLASS = YES_ERROR;
				CLANG_WARN_RANGE_LOOP_ANALYSIS = YES;
				CLANG_WARN_STRICT_PROTOTYPES = YES;
				CLANG_WARN_SUSPICIOUS_MOVE = YES;
				CLANG_WARN_UNGUARDED_AVAILABILITY = YES_AGGRESSIVE;
				CLANG_WARN_UNREACHABLE_CODE = YES;
				CLANG_WARN__DUPLICATE_METHOD_MATCH = YES;
				COPY_PHASE_STRIP = NO;
				DEBUG_INFORMATION_FORMAT = dwarf;
				ENABLE_STRICT_OBJC_MSGSEND = YES;
				ENABLE_TESTABILITY = YES;
				GCC_C_LANGUAGE_STANDARD = gnu11;
				GCC_DYNAMIC_NO_PIC = NO;
				GCC_NO_COMMON_BLOCKS = YES;
				GCC_OPTIMIZATION_LEVEL = 0;
				GCC_PREPROCESSOR_DEFINITIONS = (
					"DEBUG=1",
					"$(inherited)",
				);
				GCC_WARN_64_TO_32_BIT_CONVERSION = YES;
				GCC_WARN_ABOUT_RETURN_TYPE = YES_ERROR;
				GCC_WARN_UNDECLARED_SELECTOR = YES;
				GCC_WARN_UNINITIALIZED_AUTOS = YES_AGGRESSIVE;
				GCC_WARN_UNUSED_FUNCTION = YES;
				GCC_WARN_UNUSED_VARIABLE = YES;
				IPHONEOS_DEPLOYMENT_TARGET = 13.4;
				MTL_ENABLE_DEBUG_INFO = INCLUDE_SOURCE;
				MTL_FAST_MATH = YES;
				ONLY_ACTIVE_ARCH = YES;
				SDKROOT = iphoneos;
				SWIFT_ACTIVE_COMPILATION_CONDITIONS = DEBUG;
				SWIFT_OPTIMIZATION_LEVEL = "-Onone";
			};
			name = Debug;
		};
		CADF8B02246A52A300DA8874 /* Release */ = {
			isa = XCBuildConfiguration;
			buildSettings = {
				ALWAYS_SEARCH_USER_PATHS = NO;
				CLANG_ANALYZER_NONNULL = YES;
				CLANG_ANALYZER_NUMBER_OBJECT_CONVERSION = YES_AGGRESSIVE;
				CLANG_CXX_LANGUAGE_STANDARD = "gnu++14";
				CLANG_CXX_LIBRARY = "libc++";
				CLANG_ENABLE_MODULES = YES;
				CLANG_ENABLE_OBJC_ARC = YES;
				CLANG_ENABLE_OBJC_WEAK = YES;
				CLANG_WARN_BLOCK_CAPTURE_AUTORELEASING = YES;
				CLANG_WARN_BOOL_CONVERSION = YES;
				CLANG_WARN_COMMA = YES;
				CLANG_WARN_CONSTANT_CONVERSION = YES;
				CLANG_WARN_DEPRECATED_OBJC_IMPLEMENTATIONS = YES;
				CLANG_WARN_DIRECT_OBJC_ISA_USAGE = YES_ERROR;
				CLANG_WARN_DOCUMENTATION_COMMENTS = YES;
				CLANG_WARN_EMPTY_BODY = YES;
				CLANG_WARN_ENUM_CONVERSION = YES;
				CLANG_WARN_INFINITE_RECURSION = YES;
				CLANG_WARN_INT_CONVERSION = YES;
				CLANG_WARN_NON_LITERAL_NULL_CONVERSION = YES;
				CLANG_WARN_OBJC_IMPLICIT_RETAIN_SELF = YES;
				CLANG_WARN_OBJC_LITERAL_CONVERSION = YES;
				CLANG_WARN_OBJC_ROOT_CLASS = YES_ERROR;
				CLANG_WARN_RANGE_LOOP_ANALYSIS = YES;
				CLANG_WARN_STRICT_PROTOTYPES = YES;
				CLANG_WARN_SUSPICIOUS_MOVE = YES;
				CLANG_WARN_UNGUARDED_AVAILABILITY = YES_AGGRESSIVE;
				CLANG_WARN_UNREACHABLE_CODE = YES;
				CLANG_WARN__DUPLICATE_METHOD_MATCH = YES;
				COPY_PHASE_STRIP = NO;
				DEBUG_INFORMATION_FORMAT = "dwarf-with-dsym";
				ENABLE_NS_ASSERTIONS = NO;
				ENABLE_STRICT_OBJC_MSGSEND = YES;
				GCC_C_LANGUAGE_STANDARD = gnu11;
				GCC_NO_COMMON_BLOCKS = YES;
				GCC_WARN_64_TO_32_BIT_CONVERSION = YES;
				GCC_WARN_ABOUT_RETURN_TYPE = YES_ERROR;
				GCC_WARN_UNDECLARED_SELECTOR = YES;
				GCC_WARN_UNINITIALIZED_AUTOS = YES_AGGRESSIVE;
				GCC_WARN_UNUSED_FUNCTION = YES;
				GCC_WARN_UNUSED_VARIABLE = YES;
				IPHONEOS_DEPLOYMENT_TARGET = 13.4;
				MTL_ENABLE_DEBUG_INFO = NO;
				MTL_FAST_MATH = YES;
				SDKROOT = iphoneos;
				SWIFT_COMPILATION_MODE = wholemodule;
				SWIFT_OPTIMIZATION_LEVEL = "-O";
				VALIDATE_PRODUCT = YES;
			};
			name = Release;
		};
		CADF8B04246A52A300DA8874 /* Debug */ = {
			isa = XCBuildConfiguration;
			baseConfigurationReference = 2D7823D230F85A3C69FFC5E2 /* Pods-Parstagram.debug.xcconfig */;
			buildSettings = {
				ASSETCATALOG_COMPILER_APPICON_NAME = AppIcon;
				CODE_SIGN_STYLE = Automatic;
				INFOPLIST_FILE = Parstagram/Info.plist;
				LD_RUNPATH_SEARCH_PATHS = (
					"$(inherited)",
					"@executable_path/Frameworks",
				);
				PRODUCT_BUNDLE_IDENTIFIER = "ivygdy-gmail.com.Parstagram";
				PRODUCT_NAME = "$(TARGET_NAME)";
				SWIFT_VERSION = 5.0;
				TARGETED_DEVICE_FAMILY = "1,2";
			};
			name = Debug;
		};
		CADF8B05246A52A300DA8874 /* Release */ = {
			isa = XCBuildConfiguration;
			baseConfigurationReference = F5094F4387117D25D4B0DCB4 /* Pods-Parstagram.release.xcconfig */;
			buildSettings = {
				ASSETCATALOG_COMPILER_APPICON_NAME = AppIcon;
				CODE_SIGN_STYLE = Automatic;
				INFOPLIST_FILE = Parstagram/Info.plist;
				LD_RUNPATH_SEARCH_PATHS = (
					"$(inherited)",
					"@executable_path/Frameworks",
				);
				PRODUCT_BUNDLE_IDENTIFIER = "ivygdy-gmail.com.Parstagram";
				PRODUCT_NAME = "$(TARGET_NAME)";
				SWIFT_VERSION = 5.0;
				TARGETED_DEVICE_FAMILY = "1,2";
			};
			name = Release;
		};
		CADF8B07246A52A300DA8874 /* Debug */ = {
			isa = XCBuildConfiguration;
			baseConfigurationReference = 08F300B42F6933AED6F40ABD /* Pods-ParstagramTests.debug.xcconfig */;
			buildSettings = {
				ALWAYS_EMBED_SWIFT_STANDARD_LIBRARIES = YES;
				BUNDLE_LOADER = "$(TEST_HOST)";
				CODE_SIGN_STYLE = Automatic;
				INFOPLIST_FILE = ParstagramTests/Info.plist;
				IPHONEOS_DEPLOYMENT_TARGET = 13.4;
				LD_RUNPATH_SEARCH_PATHS = (
					"$(inherited)",
					"@executable_path/Frameworks",
					"@loader_path/Frameworks",
				);
				PRODUCT_BUNDLE_IDENTIFIER = "ivygdy-gmail.com.ParstagramTests";
				PRODUCT_NAME = "$(TARGET_NAME)";
				SWIFT_VERSION = 5.0;
				TARGETED_DEVICE_FAMILY = "1,2";
				TEST_HOST = "$(BUILT_PRODUCTS_DIR)/Parstagram.app/Parstagram";
			};
			name = Debug;
		};
		CADF8B08246A52A300DA8874 /* Release */ = {
			isa = XCBuildConfiguration;
			baseConfigurationReference = 1E676AB412B765B5AE3B8EC0 /* Pods-ParstagramTests.release.xcconfig */;
			buildSettings = {
				ALWAYS_EMBED_SWIFT_STANDARD_LIBRARIES = YES;
				BUNDLE_LOADER = "$(TEST_HOST)";
				CODE_SIGN_STYLE = Automatic;
				INFOPLIST_FILE = ParstagramTests/Info.plist;
				IPHONEOS_DEPLOYMENT_TARGET = 13.4;
				LD_RUNPATH_SEARCH_PATHS = (
					"$(inherited)",
					"@executable_path/Frameworks",
					"@loader_path/Frameworks",
				);
				PRODUCT_BUNDLE_IDENTIFIER = "ivygdy-gmail.com.ParstagramTests";
				PRODUCT_NAME = "$(TARGET_NAME)";
				SWIFT_VERSION = 5.0;
				TARGETED_DEVICE_FAMILY = "1,2";
				TEST_HOST = "$(BUILT_PRODUCTS_DIR)/Parstagram.app/Parstagram";
			};
			name = Release;
		};
		CADF8B0A246A52A300DA8874 /* Debug */ = {
			isa = XCBuildConfiguration;
			baseConfigurationReference = BA4D420EB094EBF26CF20BB7 /* Pods-Parstagram-ParstagramUITests.debug.xcconfig */;
			buildSettings = {
				ALWAYS_EMBED_SWIFT_STANDARD_LIBRARIES = YES;
				CODE_SIGN_STYLE = Automatic;
				INFOPLIST_FILE = ParstagramUITests/Info.plist;
				LD_RUNPATH_SEARCH_PATHS = (
					"$(inherited)",
					"@executable_path/Frameworks",
					"@loader_path/Frameworks",
				);
				PRODUCT_BUNDLE_IDENTIFIER = "ivygdy-gmail.com.ParstagramUITests";
				PRODUCT_NAME = "$(TARGET_NAME)";
				SWIFT_VERSION = 5.0;
				TARGETED_DEVICE_FAMILY = "1,2";
				TEST_TARGET_NAME = Parstagram;
			};
			name = Debug;
		};
		CADF8B0B246A52A300DA8874 /* Release */ = {
			isa = XCBuildConfiguration;
			baseConfigurationReference = 679651CF521DC50F42CB8005 /* Pods-Parstagram-ParstagramUITests.release.xcconfig */;
			buildSettings = {
				ALWAYS_EMBED_SWIFT_STANDARD_LIBRARIES = YES;
				CODE_SIGN_STYLE = Automatic;
				INFOPLIST_FILE = ParstagramUITests/Info.plist;
				LD_RUNPATH_SEARCH_PATHS = (
					"$(inherited)",
					"@executable_path/Frameworks",
					"@loader_path/Frameworks",
				);
				PRODUCT_BUNDLE_IDENTIFIER = "ivygdy-gmail.com.ParstagramUITests";
				PRODUCT_NAME = "$(TARGET_NAME)";
				SWIFT_VERSION = 5.0;
				TARGETED_DEVICE_FAMILY = "1,2";
				TEST_TARGET_NAME = Parstagram;
			};
			name = Release;
		};
/* End XCBuildConfiguration section */

/* Begin XCConfigurationList section */
		CADF8AD4246A529E00DA8874 /* Build configuration list for PBXProject "Parstagram" */ = {
			isa = XCConfigurationList;
			buildConfigurations = (
				CADF8B01246A52A300DA8874 /* Debug */,
				CADF8B02246A52A300DA8874 /* Release */,
			);
			defaultConfigurationIsVisible = 0;
			defaultConfigurationName = Release;
		};
		CADF8B03246A52A300DA8874 /* Build configuration list for PBXNativeTarget "Parstagram" */ = {
			isa = XCConfigurationList;
			buildConfigurations = (
				CADF8B04246A52A300DA8874 /* Debug */,
				CADF8B05246A52A300DA8874 /* Release */,
			);
			defaultConfigurationIsVisible = 0;
			defaultConfigurationName = Release;
		};
		CADF8B06246A52A300DA8874 /* Build configuration list for PBXNativeTarget "ParstagramTests" */ = {
			isa = XCConfigurationList;
			buildConfigurations = (
				CADF8B07246A52A300DA8874 /* Debug */,
				CADF8B08246A52A300DA8874 /* Release */,
			);
			defaultConfigurationIsVisible = 0;
			defaultConfigurationName = Release;
		};
		CADF8B09246A52A300DA8874 /* Build configuration list for PBXNativeTarget "ParstagramUITests" */ = {
			isa = XCConfigurationList;
			buildConfigurations = (
				CADF8B0A246A52A300DA8874 /* Debug */,
				CADF8B0B246A52A300DA8874 /* Release */,
			);
			defaultConfigurationIsVisible = 0;
			defaultConfigurationName = Release;
		};
/* End XCConfigurationList section */
	};
	rootObject = CADF8AD1246A529E00DA8874 /* Project object */;
}
